github.com/gomodule/oauth1 v0.2.0 h1:/nNHAD99yipOEspQFbAnNmwGTZ1UNXiD/+JLxwx79fo=
github.com/gomodule/oauth1 v0.2.0/go.mod h1:4r/a8/3RkhMBxJQWL5qzbOEcaQmNPIkNoI7P8sXeI08=
gopkg.in/urfave/cli.v1 v1.20.0 h1:NdAVW6RYxDif9DhDHaAortIu956m2c0v+09AZBPTbE0=
gopkg.in/urfave/cli.v1 v1.20.0/go.mod h1:vuBzUtMdQeixQj8LVd+/98pzhxNGQoyuPBlsXHOQNO0=
